
Microsoft Visual Studio Solution File, Format Version 12.00
# Visual Studio Version 16
VisualStudioVersion = 16.0.30406.217
MinimumVisualStudioVersion = 10.0.40219.1
Project("{FAE04EC0-301F-11D3-BF4B-00C04F79EFBC}") = "PR14", "PR14\PR14.csproj", "{FC3C39E6-DF1F-419F-BB0B-32DD50E064E7}"
EndProject
Global
	GlobalSection(SolutionConfigurationPlatforms) = preSolution
		Debug|Any CPU = Debug|Any CPU
		Release|Any CPU = Release|Any CPU
	EndGlobalSection
	GlobalSection(ProjectConfigurationPlatforms) = postSolution
		{FC3C39E6-DF1F-419F-BB0B-32DD50E064E7}.Debug|Any CPU.ActiveCfg = Debug|Any CPU
		{FC3C39E6-DF1F-419F-BB0B-32DD50E064E7}.Debug|Any CPU.Build.0 = Debug|Any CPU
		{FC3C39E6-DF1F-419F-BB0B-32DD50E064E7}.Release|Any CPU.ActiveCfg = Release|Any CPU
		{FC3C39E6-DF1F-419F-BB0B-32DD50E064E7}.Release|Any CPU.Build.0 = Release|Any CPU
	EndGlobalSection
	GlobalSection(SolutionProperties) = preSolution
		HideSolutionNode = FALSE
	EndGlobalSection
	GlobalSection(ExtensibilityGlobals) = postSolution
		SolutionGuid = {EAA3C9CD-36D5-4287-BD9B-8657F049AD5B}
	EndGlobalSection
EndGlobal
